
Microsoft Visual Studio Solution File, Format Version 12.00
# Visual Studio Version 17
VisualStudioVersion = 17.0.32126.317
MinimumVisualStudioVersion = 10.0.40219.1
Project("{FAE04EC0-301F-11D3-BF4B-00C04F79EFBC}") = "LINQ 1", "LINQ 1\LINQ 1.csproj", "{581B9248-8AD8-4BBF-9EF5-F94BF574E2A2}"
EndProject
Global
	GlobalSection(SolutionConfigurationPlatforms) = preSolution
		Debug|Any CPU = Debug|Any CPU
		Release|Any CPU = Release|Any CPU
	EndGlobalSection
	GlobalSection(ProjectConfigurationPlatforms) = postSolution
		{581B9248-8AD8-4BBF-9EF5-F94BF574E2A2}.Debug|Any CPU.ActiveCfg = Debug|Any CPU
		{581B9248-8AD8-4BBF-9EF5-F94BF574E2A2}.Debug|Any CPU.Build.0 = Debug|Any CPU
		{581B9248-8AD8-4BBF-9EF5-F94BF574E2A2}.Release|Any CPU.ActiveCfg = Release|Any CPU
		{581B9248-8AD8-4BBF-9EF5-F94BF574E2A2}.Release|Any CPU.Build.0 = Release|Any CPU
	EndGlobalSection
	GlobalSection(SolutionProperties) = preSolution
		HideSolutionNode = FALSE
	EndGlobalSection
	GlobalSection(ExtensibilityGlobals) = postSolution
		SolutionGuid = {0E606CD9-617C-4C89-A225-7A3AAB5099DE}
	EndGlobalSection
EndGlobal
